
Microsoft Visual Studio Solution File, Format Version 12.00
# Visual Studio 15
VisualStudioVersion = 15.0.27130.2036
MinimumVisualStudioVersion = 10.0.40219.1
Project("{FAE04EC0-301F-11D3-BF4B-00C04F79EFBC}") = "BankLedger", "BankLedger\BankLedger.csproj", "{3916311D-ADDB-4D76-9F73-9ACABF24D072}"
EndProject
Project("{FAE04EC0-301F-11D3-BF4B-00C04F79EFBC}") = "Test", "Test\Test.csproj", "{EB396C2D-BD23-4567-898D-9989C3ABAFE2}"
EndProject
Global
	GlobalSection(SolutionConfigurationPlatforms) = preSolution
		Debug|Any CPU = Debug|Any CPU
		Release|Any CPU = Release|Any CPU
	EndGlobalSection
	GlobalSection(ProjectConfigurationPlatforms) = postSolution
		{3916311D-ADDB-4D76-9F73-9ACABF24D072}.Debug|Any CPU.ActiveCfg = Debug|Any CPU
		{3916311D-ADDB-4D76-9F73-9ACABF24D072}.Debug|Any CPU.Build.0 = Debug|Any CPU
		{3916311D-ADDB-4D76-9F73-9ACABF24D072}.Release|Any CPU.ActiveCfg = Release|Any CPU
		{3916311D-ADDB-4D76-9F73-9ACABF24D072}.Release|Any CPU.Build.0 = Release|Any CPU
		{EB396C2D-BD23-4567-898D-9989C3ABAFE2}.Debug|Any CPU.ActiveCfg = Debug|Any CPU
		{EB396C2D-BD23-4567-898D-9989C3ABAFE2}.Debug|Any CPU.Build.0 = Debug|Any CPU
		{EB396C2D-BD23-4567-898D-9989C3ABAFE2}.Release|Any CPU.ActiveCfg = Release|Any CPU
		{EB396C2D-BD23-4567-898D-9989C3ABAFE2}.Release|Any CPU.Build.0 = Release|Any CPU
	EndGlobalSection
	GlobalSection(SolutionProperties) = preSolution
		HideSolutionNode = FALSE
	EndGlobalSection
	GlobalSection(ExtensibilityGlobals) = postSolution
		SolutionGuid = {E892DCDA-D347-4762-BEFA-7EC4D87228C6}
	EndGlobalSection
EndGlobal
